{
  "requires": true,
  "lockfileVersion": 1,
  "dependencies": {
    "ngx-page-scroll-core": {
      "version": "6.0.0-beta.1",
      "resolved": "https://registry.npmjs.org/ngx-page-scroll-core/-/ngx-page-scroll-core-6.0.0-beta.1.tgz",
      "integrity": "sha512-dwaHAaItja6n/IgRgnQHvJoHXSRb8EqpG4hbgVMYbvMDamOM0sUV7hY4fi/coD6/YZ7MkcpQqno401PhpOlXSg==",
      "requires": {
        "tslib": "^1.9.0"
      }
    },
    "tslib": {
      "version": "1.9.3",
      "resolved": "https://registry.npmjs.org/tslib/-/tslib-1.9.3.tgz",
      "integrity": "sha512-4krF8scpejhaOgqzBEcGM7yDIEfi0/8+8zDRZhNZZ2kjmHJ4hv3zCbQWxoJGz1iw5U0Jl0nma13xzHXcncMavQ=="
    }
  }
}
